
Microsoft Visual Studio Solution File, Format Version 12.00
# Visual Studio Version 17
VisualStudioVersion = 17.8.34302.71
MinimumVisualStudioVersion = 10.0.40219.1
Project("{9A19103F-16F7-4668-BE54-9A1E7A4F7556}") = "AzureAPI", "AzureAPI\AzureAPI.csproj", "{865D5CA6-08E4-4FF8-99C5-28F2F5BD8E1E}"
EndProject
Global
	GlobalSection(SolutionConfigurationPlatforms) = preSolution
		Debug|Any CPU = Debug|Any CPU
		Release|Any CPU = Release|Any CPU
	EndGlobalSection
	GlobalSection(ProjectConfigurationPlatforms) = postSolution
		{865D5CA6-08E4-4FF8-99C5-28F2F5BD8E1E}.Debug|Any CPU.ActiveCfg = Debug|Any CPU
		{865D5CA6-08E4-4FF8-99C5-28F2F5BD8E1E}.Debug|Any CPU.Build.0 = Debug|Any CPU
		{865D5CA6-08E4-4FF8-99C5-28F2F5BD8E1E}.Release|Any CPU.ActiveCfg = Release|Any CPU
		{865D5CA6-08E4-4FF8-99C5-28F2F5BD8E1E}.Release|Any CPU.Build.0 = Release|Any CPU
	EndGlobalSection
	GlobalSection(SolutionProperties) = preSolution
		HideSolutionNode = FALSE
	EndGlobalSection
	GlobalSection(ExtensibilityGlobals) = postSolution
		SolutionGuid = {D7EE2FAF-7AF4-40A8-8F8F-E17FD095FF9E}
	EndGlobalSection
EndGlobal
